
Microsoft Visual Studio Solution File, Format Version 11.00
# Visual Studio 2010
Project("{FAE04EC0-301F-11D3-BF4B-00C04F79EFBC}") = "TP2 Cours Unity", "Assembly-CSharp.csproj", "{0F545B71-2081-3441-AD2C-DDD144C3BE25}"
EndProject
Project("{FAE04EC0-301F-11D3-BF4B-00C04F79EFBC}") = "TP2 Cours Unity", "Assembly-CSharp-Editor.csproj", "{D2E25EFE-12F7-9412-D971-732648EC9802}"
EndProject
Global
	GlobalSection(SolutionConfigurationPlatforms) = preSolution
		Debug|Any CPU = Debug|Any CPU
		Release|Any CPU = Release|Any CPU
	EndGlobalSection
	GlobalSection(ProjectConfigurationPlatforms) = postSolution
		{0F545B71-2081-3441-AD2C-DDD144C3BE25}.Debug|Any CPU.ActiveCfg = Debug|Any CPU
		{0F545B71-2081-3441-AD2C-DDD144C3BE25}.Debug|Any CPU.Build.0 = Debug|Any CPU
		{0F545B71-2081-3441-AD2C-DDD144C3BE25}.Release|Any CPU.ActiveCfg = Release|Any CPU
		{0F545B71-2081-3441-AD2C-DDD144C3BE25}.Release|Any CPU.Build.0 = Release|Any CPU
		{D2E25EFE-12F7-9412-D971-732648EC9802}.Debug|Any CPU.ActiveCfg = Debug|Any CPU
		{D2E25EFE-12F7-9412-D971-732648EC9802}.Debug|Any CPU.Build.0 = Debug|Any CPU
		{D2E25EFE-12F7-9412-D971-732648EC9802}.Release|Any CPU.ActiveCfg = Release|Any CPU
		{D2E25EFE-12F7-9412-D971-732648EC9802}.Release|Any CPU.Build.0 = Release|Any CPU
	EndGlobalSection
	GlobalSection(SolutionProperties) = preSolution
		HideSolutionNode = FALSE
	EndGlobalSection
	GlobalSection(MonoDevelopProperties) = preSolution
		StartupItem = Assembly-CSharp.csproj
	EndGlobalSection
EndGlobal
