
Microsoft Visual Studio Solution File, Format Version 11.00
# Visual Studio 2010
Project("{FAE04EC0-301F-11D3-BF4B-00C04F79EFBC}") = "Tool cours 5", "Assembly-CSharp.csproj", "{68599E5F-3BAC-31AE-2210-E9551CC02B24}"
EndProject
Project("{FAE04EC0-301F-11D3-BF4B-00C04F79EFBC}") = "Tool cours 5", "Assembly-CSharp-Editor.csproj", "{CA8942B2-399C-8CE1-855B-592F4D4FE36D}"
EndProject
Global
	GlobalSection(SolutionConfigurationPlatforms) = preSolution
		Debug|Any CPU = Debug|Any CPU
		Release|Any CPU = Release|Any CPU
	EndGlobalSection
	GlobalSection(ProjectConfigurationPlatforms) = postSolution
		{68599E5F-3BAC-31AE-2210-E9551CC02B24}.Debug|Any CPU.ActiveCfg = Debug|Any CPU
		{68599E5F-3BAC-31AE-2210-E9551CC02B24}.Debug|Any CPU.Build.0 = Debug|Any CPU
		{68599E5F-3BAC-31AE-2210-E9551CC02B24}.Release|Any CPU.ActiveCfg = Release|Any CPU
		{68599E5F-3BAC-31AE-2210-E9551CC02B24}.Release|Any CPU.Build.0 = Release|Any CPU
		{CA8942B2-399C-8CE1-855B-592F4D4FE36D}.Debug|Any CPU.ActiveCfg = Debug|Any CPU
		{CA8942B2-399C-8CE1-855B-592F4D4FE36D}.Debug|Any CPU.Build.0 = Debug|Any CPU
		{CA8942B2-399C-8CE1-855B-592F4D4FE36D}.Release|Any CPU.ActiveCfg = Release|Any CPU
		{CA8942B2-399C-8CE1-855B-592F4D4FE36D}.Release|Any CPU.Build.0 = Release|Any CPU
	EndGlobalSection
	GlobalSection(SolutionProperties) = preSolution
		HideSolutionNode = FALSE
	EndGlobalSection
	GlobalSection(MonoDevelopProperties) = preSolution
		StartupItem = Assembly-CSharp.csproj
	EndGlobalSection
EndGlobal
