
Microsoft Visual Studio Solution File, Format Version 11.00
# Visual Studio 2010
Project("{FAE04EC0-301F-11D3-BF4B-00C04F79EFBC}") = "Tool cours 1", "Assembly-CSharp.csproj", "{13A0A9EE-3D23-6473-096F-B760638B63EE}"
EndProject
Global
	GlobalSection(SolutionConfigurationPlatforms) = preSolution
		Debug|Any CPU = Debug|Any CPU
		Release|Any CPU = Release|Any CPU
	EndGlobalSection
	GlobalSection(ProjectConfigurationPlatforms) = postSolution
		{13A0A9EE-3D23-6473-096F-B760638B63EE}.Debug|Any CPU.ActiveCfg = Debug|Any CPU
		{13A0A9EE-3D23-6473-096F-B760638B63EE}.Debug|Any CPU.Build.0 = Debug|Any CPU
		{13A0A9EE-3D23-6473-096F-B760638B63EE}.Release|Any CPU.ActiveCfg = Release|Any CPU
		{13A0A9EE-3D23-6473-096F-B760638B63EE}.Release|Any CPU.Build.0 = Release|Any CPU
	EndGlobalSection
	GlobalSection(SolutionProperties) = preSolution
		HideSolutionNode = FALSE
	EndGlobalSection
	GlobalSection(MonoDevelopProperties) = preSolution
		StartupItem = Assembly-CSharp.csproj
	EndGlobalSection
EndGlobal
